Microsoft Visual Studio Solution File, Format Version 11.00
# Visual Studio 2008

Project("{F80B2B12-2F70-A626-5E4F-908B8F27159A}") = "Suzy", "Assembly-CSharp.csproj", "{76B7BA7C-2787-9FFF-B99C-004FD1ABC4A2}"
EndProject
Project("{F80B2B12-2F70-A626-5E4F-908B8F27159A}") = "Suzy", "Assembly-CSharp-Editor.csproj", "{1A5E15F0-7386-3429-151D-7700F1E83190}"
EndProject
Global
	GlobalSection(SolutionConfigurationPlatforms) = preSolution
		Debug|Any CPU = Debug|Any CPU
		Release|Any CPU = Release|Any CPU
	EndGlobalSection
	GlobalSection(ProjectConfigurationPlatforms) = postSolution
		{76B7BA7C-2787-9FFF-B99C-004FD1ABC4A2}.Debug|Any CPU.ActiveCfg = Debug|Any CPU
		{76B7BA7C-2787-9FFF-B99C-004FD1ABC4A2}.Debug|Any CPU.Build.0 = Debug|Any CPU
		{76B7BA7C-2787-9FFF-B99C-004FD1ABC4A2}.Release|Any CPU.ActiveCfg = Release|Any CPU
		{76B7BA7C-2787-9FFF-B99C-004FD1ABC4A2}.Release|Any CPU.Build.0 = Release|Any CPU
		{1A5E15F0-7386-3429-151D-7700F1E83190}.Debug|Any CPU.ActiveCfg = Debug|Any CPU
		{1A5E15F0-7386-3429-151D-7700F1E83190}.Debug|Any CPU.Build.0 = Debug|Any CPU
		{1A5E15F0-7386-3429-151D-7700F1E83190}.Release|Any CPU.ActiveCfg = Release|Any CPU
		{1A5E15F0-7386-3429-151D-7700F1E83190}.Release|Any CPU.Build.0 = Release|Any CPU
	EndGlobalSection
	GlobalSection(SolutionProperties) = preSolution
		HideSolutionNode = FALSE
	EndGlobalSection
	GlobalSection(MonoDevelopProperties) = preSolution
		StartupItem = Assembly-CSharp.csproj
	EndGlobalSection
EndGlobal
